// !$*UTF8*$!
{
	archiveVersion = 1;
	classes = {
	};
	objectVersion = 46;
	objects = {

/* Begin PBXBuildFile section */
		ADBE1872199AF19800B4F321 /* Foundation.framework in Frameworks */ = {isa = PBXBuildFile; fileRef = ADBE1871199AF19800B4F321 /* Foundation.framework */; };
		ADBE1874199AF19800B4F321 /* CoreGraphics.framework in Frameworks */ = {isa = PBXBuildFile; fileRef = ADBE1873199AF19800B4F321 /* CoreGraphics.framework */; };
		ADBE1876199AF19800B4F321 /* UIKit.framework in Frameworks */ = {isa = PBXBuildFile; fileRef = ADBE1875199AF19800B4F321 /* UIKit.framework */; };
		ADBE187C199AF19800B4F321 /* InfoPlist.strings in Resources */ = {isa = PBXBuildFile; fileRef = ADBE187A199AF19800B4F321 /* InfoPlist.strings */; };
		ADBE187E199AF19800B4F321 /* main.m in Sources */ = {isa = PBXBuildFile; fileRef = ADBE187D199AF19800B4F321 /* main.m */; };
		ADBE1882199AF19900B4F321 /* AppDelegate.m in Sources */ = {isa = PBXBuildFile; fileRef = ADBE1881199AF19900B4F321 /* AppDelegate.m */; };
		ADBE1885199AF19900B4F321 /* Main.storyboard in Resources */ = {isa = PBXBuildFile; fileRef = ADBE1883199AF19900B4F321 /* Main.storyboard */; };
		ADBE1888199AF19900B4F321 /* ViewController.m in Sources */ = {isa = PBXBuildFile; fileRef = ADBE1887199AF19900B4F321 /* ViewController.m */; };
		ADBE188A199AF19900B4F321 /* Images.xcassets in Resources */ = {isa = PBXBuildFile; fileRef = ADBE1889199AF19900B4F321 /* Images.xcassets */; };
		ADBE1891199AF19900B4F321 /* XCTest.framework in Frameworks */ = {isa = PBXBuildFile; fileRef = ADBE1890199AF19900B4F321 /* XCTest.framework */; };
		ADBE1892199AF19900B4F321 /* Foundation.framework in Frameworks */ = {isa = PBXBuildFile; fileRef = ADBE1871199AF19800B4F321 /* Foundation.framework */; };
		ADBE1893199AF19900B4F321 /* UIKit.framework in Frameworks */ = {isa = PBXBuildFile; fileRef = ADBE1875199AF19800B4F321 /* UIKit.framework */; };
		ADBE189B199AF19900B4F321 /* InfoPlist.strings in Resources */ = {isa = PBXBuildFile; fileRef = ADBE1899199AF19900B4F321 /* InfoPlist.strings */; };
		ADBE189D199AF19900B4F321 /* Hola_MundoTests.m in Sources */ = {isa = PBXBuildFile; fileRef = ADBE189C199AF19900B4F321 /* Hola_MundoTests.m */; };
/* End PBXBuildFile section */

/* Begin PBXContainerItemProxy section */
		ADBE1894199AF19900B4F321 /* PBXContainerItemProxy */ = {
			isa = PBXContainerItemProxy;
			containerPortal = ADBE1866199AF19800B4F321 /* Project object */;
			proxyType = 1;
			remoteGlobalIDString = ADBE186D199AF19800B4F321;
			remoteInfo = "Hola Mundo";
		};
/* End PBXContainerItemProxy section */

/* Begin PBXFileReference section */
		ADBE186E199AF19800B4F321 /* Hola Mundo.app */ = {isa = PBXFileReference; explicitFileType = wrapper.application; includeInIndex = 0; path = "Hola Mundo.app"; sourceTree = BUILT_PRODUCTS_DIR; };
		ADBE1871199AF19800B4F321 /* Foundation.framework */ = {isa = PBXFileReference; lastKnownFileType = wrapper.framework; name = Foundation.framework; path = System/Library/Frameworks/Foundation.framework; sourceTree = SDKROOT; };
		ADBE1873199AF19800B4F321 /* CoreGraphics.framework */ = {isa = PBXFileReference; lastKnownFileType = wrapper.framework; name = CoreGraphics.framework; path = System/Library/Frameworks/CoreGraphics.framework; sourceTree = SDKROOT; };
		ADBE1875199AF19800B4F321 /* UIKit.framework */ = {isa = PBXFileReference; lastKnownFileType = wrapper.framework; name = UIKit.framework; path = System/Library/Frameworks/UIKit.framework; sourceTree = SDKROOT; };
		ADBE1879199AF19800B4F321 /* Hola Mundo-Info.plist */ = {isa = PBXFileReference; lastKnownFileType = text.plist.xml; path = "Hola Mundo-Info.plist"; sourceTree = "<group>"; };
		ADBE187B199AF19800B4F321 /* en */ = {isa = PBXFileReference; lastKnownFileType = text.plist.strings; name = en; path = en.lproj/InfoPlist.strings; sourceTree = "<group>"; };
		ADBE187D199AF19800B4F321 /* main.m */ = {isa = PBXFileReference; lastKnownFileType = sourcecode.c.objc; path = main.m; sourceTree = "<group>"; };
		ADBE187F199AF19900B4F321 /* Hola Mundo-Prefix.pch */ = {isa = PBXFileReference; lastKnownFileType = sourcecode.c.h; path = "Hola Mundo-Prefix.pch"; sourceTree = "<group>"; };
		ADBE1880199AF19900B4F321 /* AppDelegate.h */ = {isa = PBXFileReference; lastKnownFileType = sourcecode.c.h; path = AppDelegate.h; sourceTree = "<group>"; };
		ADBE1881199AF19900B4F321 /* AppDelegate.m */ = {isa = PBXFileReference; lastKnownFileType = sourcecode.c.objc; path = AppDelegate.m; sourceTree = "<group>"; };
		ADBE1884199AF19900B4F321 /* Base */ = {isa = PBXFileReference; lastKnownFileType = file.storyboard; name = Base; path = Base.lproj/Main.storyboard; sourceTree = "<group>"; };
		ADBE1886199AF19900B4F321 /* ViewController.h */ = {isa = PBXFileReference; lastKnownFileType = sourcecode.c.h; path = ViewController.h; sourceTree = "<group>"; };
		ADBE1887199AF19900B4F321 /* ViewController.m */ = {isa = PBXFileReference; lastKnownFileType = sourcecode.c.objc; path = ViewController.m; sourceTree = "<group>"; };
		ADBE1889199AF19900B4F321 /* Images.xcassets */ = {isa = PBXFileReference; lastKnownFileType = folder.assetcatalog; path = Images.xcassets; sourceTree = "<group>"; };
		ADBE188F199AF19900B4F321 /* Hola MundoTests.xctest */ = {isa = PBXFileReference; explicitFileType = wrapper.cfbundle; includeInIndex = 0; path = "Hola MundoTests.xctest"; sourceTree = BUILT_PRODUCTS_DIR; };
		ADBE1890199AF19900B4F321 /* XCTest.framework */ = {isa = PBXFileReference; lastKnownFileType = wrapper.framework; name = XCTest.framework; path = Library/Frameworks/XCTest.framework; sourceTree = DEVELOPER_DIR; };
		ADBE1898199AF19900B4F321 /* Hola MundoTests-Info.plist */ = {isa = PBXFileReference; lastKnownFileType = text.plist.xml; path = "Hola MundoTests-Info.plist"; sourceTree = "<group>"; };
		ADBE189A199AF19900B4F321 /* en */ = {isa = PBXFileReference; lastKnownFileType = text.plist.strings; name = en; path = en.lproj/InfoPlist.strings; sourceTree = "<group>"; };
		ADBE189C199AF19900B4F321 /* Hola_MundoTests.m */ = {isa = PBXFileReference; lastKnownFileType = sourcecode.c.objc; path = Hola_MundoTests.m; sourceTree = "<group>"; };
/* End PBXFileReference section */

/* Begin PBXFrameworksBuildPhase section */
		ADBE186B199AF19800B4F321 /* Frameworks */ = {
			isa = PBXFrameworksBuildPhase;
			buildActionMask = 2147483647;
			files = (
				ADBE1874199AF19800B4F321 /* CoreGraphics.framework in Frameworks */,
				ADBE1876199AF19800B4F321 /* UIKit.framework in Frameworks */,
				ADBE1872199AF19800B4F321 /* Foundation.framework in Frameworks */,
			);
			runOnlyForDeploymentPostprocessing = 0;
		};
		ADBE188C199AF19900B4F321 /* Frameworks */ = {
			isa = PBXFrameworksBuildPhase;
			buildActionMask = 2147483647;
			files = (
				ADBE1891199AF19900B4F321 /* XCTest.framework in Frameworks */,
				ADBE1893199AF19900B4F321 /* UIKit.framework in Frameworks */,
				ADBE1892199AF19900B4F321 /* Foundation.framework in Frameworks */,
			);
			runOnlyForDeploymentPostprocessing = 0;
		};
/* End PBXFrameworksBuildPhase section */

/* Begin PBXGroup section */
		ADBE1865199AF19800B4F321 = {
			isa = PBXGroup;
			children = (
				ADBE1877199AF19800B4F321 /* Hola Mundo */,
				ADBE1896199AF19900B4F321 /* Hola MundoTests */,
				ADBE1870199AF19800B4F321 /* Frameworks */,
				ADBE186F199AF19800B4F321 /* Products */,
			);
			sourceTree = "<group>";
		};
		ADBE186F199AF19800B4F321 /* Products */ = {
			isa = PBXGroup;
			children = (
				ADBE186E199AF19800B4F321 /* Hola Mundo.app */,
				ADBE188F199AF19900B4F321 /* Hola MundoTests.xctest */,
			);
			name = Products;
			sourceTree = "<group>";
		};
		ADBE1870199AF19800B4F321 /* Frameworks */ = {
			isa = PBXGroup;
			children = (
				ADBE1871199AF19800B4F321 /* Foundation.framework */,
				ADBE1873199AF19800B4F321 /* CoreGraphics.framework */,
				ADBE1875199AF19800B4F321 /* UIKit.framework */,
				ADBE1890199AF19900B4F321 /* XCTest.framework */,
			);
			name = Frameworks;
			sourceTree = "<group>";
		};
		ADBE1877199AF19800B4F321 /* Hola Mundo */ = {
			isa = PBXGroup;
			children = (
				ADBE1880199AF19900B4F321 /* AppDelegate.h */,
				ADBE1881199AF19900B4F321 /* AppDelegate.m */,
				ADBE1883199AF19900B4F321 /* Main.storyboard */,
				ADBE1886199AF19900B4F321 /* ViewController.h */,
				ADBE1887199AF19900B4F321 /* ViewController.m */,
				ADBE1889199AF19900B4F321 /* Images.xcassets */,
				ADBE1878199AF19800B4F321 /* Supporting Files */,
			);
			path = "Hola Mundo";
			sourceTree = "<group>";
		};
		ADBE1878199AF19800B4F321 /* Supporting Files */ = {
			isa = PBXGroup;
			children = (
				ADBE1879199AF19800B4F321 /* Hola Mundo-Info.plist */,
				ADBE187A199AF19800B4F321 /* InfoPlist.strings */,
				ADBE187D199AF19800B4F321 /* main.m */,
				ADBE187F199AF19900B4F321 /* Hola Mundo-Prefix.pch */,
			);
			name = "Supporting Files";
			sourceTree = "<group>";
		};
		ADBE1896199AF19900B4F321 /* Hola MundoTests */ = {
			isa = PBXGroup;
			children = (
				ADBE189C199AF19900B4F321 /* Hola_MundoTests.m */,
				ADBE1897199AF19900B4F321 /* Supporting Files */,
			);
			path = "Hola MundoTests";
			sourceTree = "<group>";
		};
		ADBE1897199AF19900B4F321 /* Supporting Files */ = {
			isa = PBXGroup;
			children = (
				ADBE1898199AF19900B4F321 /* Hola MundoTests-Info.plist */,
				ADBE1899199AF19900B4F321 /* InfoPlist.strings */,
			);
			name = "Supporting Files";
			sourceTree = "<group>";
		};
/* End PBXGroup section */

/* Begin PBXNativeTarget section */
		ADBE186D199AF19800B4F321 /* Hola Mundo */ = {
			isa = PBXNativeTarget;
			buildConfigurationList = ADBE18A0199AF19900B4F321 /* Build configuration list for PBXNativeTarget "Hola Mundo" */;
			buildPhases = (
				ADBE186A199AF19800B4F321 /* Sources */,
				ADBE186B199AF19800B4F321 /* Frameworks */,
				ADBE186C199AF19800B4F321 /* Resources */,
			);
			buildRules = (
			);
			dependencies = (
			);
			name = "Hola Mundo";
			productName = "Hola Mundo";
			productReference = ADBE186E199AF19800B4F321 /* Hola Mundo.app */;
			productType = "com.apple.product-type.application";
		};
		ADBE188E199AF19900B4F321 /* Hola MundoTests */ = {
			isa = PBXNativeTarget;
			buildConfigurationList = ADBE18A3199AF19900B4F321 /* Build configuration list for PBXNativeTarget "Hola MundoTests" */;
			buildPhases = (
				ADBE188B199AF19900B4F321 /* Sources */,
				ADBE188C199AF19900B4F321 /* Frameworks */,
				ADBE188D199AF19900B4F321 /* Resources */,
			);
			buildRules = (
			);
			dependencies = (
				ADBE1895199AF19900B4F321 /* PBXTargetDependency */,
			);
			name = "Hola MundoTests";
			productName = "Hola MundoTests";
			productReference = ADBE188F199AF19900B4F321 /* Hola MundoTests.xctest */;
			productType = "com.apple.product-type.bundle.unit-test";
		};
/* End PBXNativeTarget section */

/* Begin PBXProject section */
		ADBE1866199AF19800B4F321 /* Project object */ = {
			isa = PBXProject;
			attributes = {
				LastUpgradeCheck = 0510;
				ORGANIZATIONNAME = "Giovanny Suarez";
				TargetAttributes = {
					ADBE188E199AF19900B4F321 = {
						TestTargetID = ADBE186D199AF19800B4F321;
					};
				};
			};
			buildConfigurationList = ADBE1869199AF19800B4F321 /* Build configuration list for PBXProject "Hola Mundo" */;
			compatibilityVersion = "Xcode 3.2";
			developmentRegion = English;
			hasScannedForEncodings = 0;
			knownRegions = (
				en,
				Base,
			);
			mainGroup = ADBE1865199AF19800B4F321;
			productRefGroup = ADBE186F199AF19800B4F321 /* Products */;
			projectDirPath = "";
			projectRoot = "";
			targets = (
				ADBE186D199AF19800B4F321 /* Hola Mundo */,
				ADBE188E199AF19900B4F321 /* Hola MundoTests */,
			);
		};
/* End PBXProject section */

/* Begin PBXResourcesBuildPhase section */
		ADBE186C199AF19800B4F321 /* Resources */ = {
			isa = PBXResourcesBuildPhase;
			buildActionMask = 2147483647;
			files = (
				ADBE188A199AF19900B4F321 /* Images.xcassets in Resources */,
				ADBE187C199AF19800B4F321 /* InfoPlist.strings in Resources */,
				ADBE1885199AF19900B4F321 /* Main.storyboard in Resources */,
			);
			runOnlyForDeploymentPostprocessing = 0;
		};
		ADBE188D199AF19900B4F321 /* Resources */ = {
			isa = PBXResourcesBuildPhase;
			buildActionMask = 2147483647;
			files = (
				ADBE189B199AF19900B4F321 /* InfoPlist.strings in Resources */,
			);
			runOnlyForDeploymentPostprocessing = 0;
		};
/* End PBXResourcesBuildPhase section */

/* Begin PBXSourcesBuildPhase section */
		ADBE186A199AF19800B4F321 /* Sources */ = {
			isa = PBXSourcesBuildPhase;
			buildActionMask = 2147483647;
			files = (
				ADBE1888199AF19900B4F321 /* ViewController.m in Sources */,
				ADBE1882199AF19900B4F321 /* AppDelegate.m in Sources */,
				ADBE187E199AF19800B4F321 /* main.m in Sources */,
			);
			runOnlyForDeploymentPostprocessing = 0;
		};
		ADBE188B199AF19900B4F321 /* Sources */ = {
			isa = PBXSourcesBuildPhase;
			buildActionMask = 2147483647;
			files = (
				ADBE189D199AF19900B4F321 /* Hola_MundoTests.m in Sources */,
			);
			runOnlyForDeploymentPostprocessing = 0;
		};
/* End PBXSourcesBuildPhase section */

/* Begin PBXTargetDependency section */
		ADBE1895199AF19900B4F321 /* PBXTargetDependency */ = {
			isa = PBXTargetDependency;
			target = ADBE186D199AF19800B4F321 /* Hola Mundo */;
			targetProxy = ADBE1894199AF19900B4F321 /* PBXContainerItemProxy */;
		};
/* End PBXTargetDependency section */

/* Begin PBXVariantGroup section */
		ADBE187A199AF19800B4F321 /* InfoPlist.strings */ = {
			isa = PBXVariantGroup;
			children = (
				ADBE187B199AF19800B4F321 /* en */,
			);
			name = InfoPlist.strings;
			sourceTree = "<group>";
		};
		ADBE1883199AF19900B4F321 /* Main.storyboard */ = {
			isa = PBXVariantGroup;
			children = (
				ADBE1884199AF19900B4F321 /* Base */,
			);
			name = Main.storyboard;
			sourceTree = "<group>";
		};
		ADBE1899199AF19900B4F321 /* InfoPlist.strings */ = {
			isa = PBXVariantGroup;
			children = (
				ADBE189A199AF19900B4F321 /* en */,
			);
			name = InfoPlist.strings;
			sourceTree = "<group>";
		};
/* End PBXVariantGroup section */

/* Begin XCBuildConfiguration section */
		ADBE189E199AF19900B4F321 /* Debug */ = {
			isa = XCBuildConfiguration;
			buildSettings = {
				ALWAYS_SEARCH_USER_PATHS = NO;
				CLANG_CXX_LANGUAGE_STANDARD = "gnu++0x";
				CLANG_CXX_LIBRARY = "libc++";
				CLANG_ENABLE_MODULES = YES;
				CLANG_ENABLE_OBJC_ARC = YES;
				CLANG_WARN_BOOL_CONVERSION = YES;
				CLANG_WARN_CONSTANT_CONVERSION = YES;
				CLANG_WARN_DIRECT_OBJC_ISA_USAGE = YES_ERROR;
				CLANG_WARN_EMPTY_BODY = YES;
				CLANG_WARN_ENUM_CONVERSION = YES;
				CLANG_WARN_INT_CONVERSION = YES;
				CLANG_WARN_OBJC_ROOT_CLASS = YES_ERROR;
				CLANG_WARN__DUPLICATE_METHOD_MATCH = YES;
				"CODE_SIGN_IDENTITY[sdk=iphoneos*]" = "iPhone Developer";
				COPY_PHASE_STRIP = NO;
				GCC_C_LANGUAGE_STANDARD = gnu99;
				GCC_DYNAMIC_NO_PIC = NO;
				GCC_OPTIMIZATION_LEVEL = 0;
				GCC_PREPROCESSOR_DEFINITIONS = (
					"DEBUG=1",
					"$(inherited)",
				);
				GCC_SYMBOLS_PRIVATE_EXTERN = NO;
				GCC_WARN_64_TO_32_BIT_CONVERSION = YES;
				GCC_WARN_ABOUT_RETURN_TYPE = YES_ERROR;
				GCC_WARN_UNDECLARED_SELECTOR = YES;
				GCC_WARN_UNINITIALIZED_AUTOS = YES_AGGRESSIVE;
				GCC_WARN_UNUSED_FUNCTION = YES;
				GCC_WARN_UNUSED_VARIABLE = YES;
				IPHONEOS_DEPLOYMENT_TARGET = 7.1;
				ONLY_ACTIVE_ARCH = YES;
				SDKROOT = iphoneos;
			};
			name = Debug;
		};
		ADBE189F199AF19900B4F321 /* Release */ = {
			isa = XCBuildConfiguration;
			buildSettings = {
				ALWAYS_SEARCH_USER_PATHS = NO;
				CLANG_CXX_LANGUAGE_STANDARD = "gnu++0x";
				CLANG_CXX_LIBRARY = "libc++";
				CLANG_ENABLE_MODULES = YES;
				CLANG_ENABLE_OBJC_ARC = YES;
				CLANG_WARN_BOOL_CONVERSION = YES;
				CLANG_WARN_CONSTANT_CONVERSION = YES;
				CLANG_WARN_DIRECT_OBJC_ISA_USAGE = YES_ERROR;
				CLANG_WARN_EMPTY_BODY = YES;
				CLANG_WARN_ENUM_CONVERSION = YES;
				CLANG_WARN_INT_CONVERSION = YES;
				CLANG_WARN_OBJC_ROOT_CLASS = YES_ERROR;
				CLANG_WARN__DUPLICATE_METHOD_MATCH = YES;
				"CODE_SIGN_IDENTITY[sdk=iphoneos*]" = "iPhone Developer";
				COPY_PHASE_STRIP = YES;
				ENABLE_NS_ASSERTIONS = NO;
				GCC_C_LANGUAGE_STANDARD = gnu99;
				GCC_WARN_64_TO_32_BIT_CONVERSION = YES;
				GCC_WARN_ABOUT_RETURN_TYPE = YES_ERROR;
				GCC_WARN_UNDECLARED_SELECTOR = YES;
				GCC_WARN_UNINITIALIZED_AUTOS = YES_AGGRESSIVE;
				GCC_WARN_UNUSED_FUNCTION = YES;
				GCC_WARN_UNUSED_VARIABLE = YES;
				IPHONEOS_DEPLOYMENT_TARGET = 7.1;
				SDKROOT = iphoneos;
				VALIDATE_PRODUCT = YES;
			};
			name = Release;
		};
		ADBE18A1199AF19900B4F321 /* Debug */ = {
			isa = XCBuildConfiguration;
			buildSettings = {
				ASSETCATALOG_COMPILER_APPICON_NAME = AppIcon;
				ASSETCATALOG_COMPILER_LAUNCHIMAGE_NAME = LaunchImage;
				GCC_PRECOMPILE_PREFIX_HEADER = YES;
				GCC_PREFIX_HEADER = "Hola Mundo/Hola Mundo-Prefix.pch";
				INFOPLIST_FILE = "Hola Mundo/Hola Mundo-Info.plist";
				PRODUCT_NAME = "$(TARGET_NAME)";
				WRAPPER_EXTENSION = app;
			};
			name = Debug;
		};
		ADBE18A2199AF19900B4F321 /* Release */ = {
			isa = XCBuildConfiguration;
			buildSettings = {
				ASSETCATALOG_COMPILER_APPICON_NAME = AppIcon;
				ASSETCATALOG_COMPILER_LAUNCHIMAGE_NAME = LaunchImage;
				GCC_PRECOMPILE_PREFIX_HEADER = YES;
				GCC_PREFIX_HEADER = "Hola Mundo/Hola Mundo-Prefix.pch";
				INFOPLIST_FILE = "Hola Mundo/Hola Mundo-Info.plist";
				PRODUCT_NAME = "$(TARGET_NAME)";
				WRAPPER_EXTENSION = app;
			};
			name = Release;
		};
		ADBE18A4199AF19900B4F321 /* Debug */ = {
			isa = XCBuildConfiguration;
			buildSettings = {
				BUNDLE_LOADER = "$(BUILT_PRODUCTS_DIR)/Hola Mundo.app/Hola Mundo";
				FRAMEWORK_SEARCH_PATHS = (
					"$(SDKROOT)/Developer/Library/Frameworks",
					"$(inherited)",
					"$(DEVELOPER_FRAMEWORKS_DIR)",
				);
				GCC_PRECOMPILE_PREFIX_HEADER = YES;
				GCC_PREFIX_HEADER = "Hola Mundo/Hola Mundo-Prefix.pch";
				GCC_PREPROCESSOR_DEFINITIONS = (
					"DEBUG=1",
					"$(inherited)",
				);
				INFOPLIST_FILE = "Hola MundoTests/Hola MundoTests-Info.plist";
				PRODUCT_NAME = "$(TARGET_NAME)";
				TEST_HOST = "$(BUNDLE_LOADER)";
				WRAPPER_EXTENSION = xctest;
			};
			name = Debug;
		};
		ADBE18A5199AF19900B4F321 /* Release */ = {
			isa = XCBuildConfiguration;
			buildSettings = {
				BUNDLE_LOADER = "$(BUILT_PRODUCTS_DIR)/Hola Mundo.app/Hola Mundo";
				FRAMEWORK_SEARCH_PATHS = (
					"$(SDKROOT)/Developer/Library/Frameworks",
					"$(inherited)",
					"$(DEVELOPER_FRAMEWORKS_DIR)",
				);
				GCC_PRECOMPILE_PREFIX_HEADER = YES;
				GCC_PREFIX_HEADER = "Hola Mundo/Hola Mundo-Prefix.pch";
				INFOPLIST_FILE = "Hola MundoTests/Hola MundoTests-Info.plist";
				PRODUCT_NAME = "$(TARGET_NAME)";
				TEST_HOST = "$(BUNDLE_LOADER)";
				WRAPPER_EXTENSION = xctest;
			};
			name = Release;
		};
/* End XCBuildConfiguration section */

/* Begin XCConfigurationList section */
		ADBE1869199AF19800B4F321 /* Build configuration list for PBXProject "Hola Mundo" */ = {
			isa = XCConfigurationList;
			buildConfigurations = (
				ADBE189E199AF19900B4F321 /* Debug */,
				ADBE189F199AF19900B4F321 /* Release */,
			);
			defaultConfigurationIsVisible = 0;
			defaultConfigurationName = Release;
		};
		ADBE18A0199AF19900B4F321 /* Build configuration list for PBXNativeTarget "Hola Mundo" */ = {
			isa = XCConfigurationList;
			buildConfigurations = (
				ADBE18A1199AF19900B4F321 /* Debug */,
				ADBE18A2199AF19900B4F321 /* Release */,
			);
			defaultConfigurationIsVisible = 0;
		};
		ADBE18A3199AF19900B4F321 /* Build configuration list for PBXNativeTarget "Hola MundoTests" */ = {
			isa = XCConfigurationList;
			buildConfigurations = (
				ADBE18A4199AF19900B4F321 /* Debug */,
				ADBE18A5199AF19900B4F321 /* Release */,
			);
			defaultConfigurationIsVisible = 0;
		};
/* End XCConfigurationList section */
	};
	rootObject = ADBE1866199AF19800B4F321 /* Project object */;
}
