// !$*UTF8*$!
{
	archiveVersion = 1;
	classes = {
	};
	objectVersion = 46;
	objects = {

/* Begin PBXBuildFile section */
		F8137EC719BB5305007145E0 /* Foundation.framework in Frameworks */ = {isa = PBXBuildFile; fileRef = F8137EC619BB5305007145E0 /* Foundation.framework */; };
		F8137EC919BB5305007145E0 /* CoreGraphics.framework in Frameworks */ = {isa = PBXBuildFile; fileRef = F8137EC819BB5305007145E0 /* CoreGraphics.framework */; };
		F8137ECB19BB5305007145E0 /* UIKit.framework in Frameworks */ = {isa = PBXBuildFile; fileRef = F8137ECA19BB5305007145E0 /* UIKit.framework */; };
		F8137ED119BB5305007145E0 /* InfoPlist.strings in Resources */ = {isa = PBXBuildFile; fileRef = F8137ECF19BB5305007145E0 /* InfoPlist.strings */; };
		F8137ED319BB5305007145E0 /* main.m in Sources */ = {isa = PBXBuildFile; fileRef = F8137ED219BB5305007145E0 /* main.m */; };
		F8137ED719BB5305007145E0 /* AppDelegate.m in Sources */ = {isa = PBXBuildFile; fileRef = F8137ED619BB5305007145E0 /* AppDelegate.m */; };
		F8137EDA19BB5305007145E0 /* Main.storyboard in Resources */ = {isa = PBXBuildFile; fileRef = F8137ED819BB5305007145E0 /* Main.storyboard */; };
		F8137EDD19BB5305007145E0 /* ViewController.m in Sources */ = {isa = PBXBuildFile; fileRef = F8137EDC19BB5305007145E0 /* ViewController.m */; };
		F8137EDF19BB5305007145E0 /* Images.xcassets in Resources */ = {isa = PBXBuildFile; fileRef = F8137EDE19BB5305007145E0 /* Images.xcassets */; };
		F8137EE619BB5305007145E0 /* XCTest.framework in Frameworks */ = {isa = PBXBuildFile; fileRef = F8137EE519BB5305007145E0 /* XCTest.framework */; };
		F8137EE719BB5305007145E0 /* Foundation.framework in Frameworks */ = {isa = PBXBuildFile; fileRef = F8137EC619BB5305007145E0 /* Foundation.framework */; };
		F8137EE819BB5305007145E0 /* UIKit.framework in Frameworks */ = {isa = PBXBuildFile; fileRef = F8137ECA19BB5305007145E0 /* UIKit.framework */; };
		F8137EF019BB5305007145E0 /* InfoPlist.strings in Resources */ = {isa = PBXBuildFile; fileRef = F8137EEE19BB5305007145E0 /* InfoPlist.strings */; };
		F8137EF219BB5305007145E0 /* _3__Anotaciones___DistanciasTests.m in Sources */ = {isa = PBXBuildFile; fileRef = F8137EF119BB5305007145E0 /* _3__Anotaciones___DistanciasTests.m */; };
		F8137EFC19BB5316007145E0 /* CoreLocation.framework in Frameworks */ = {isa = PBXBuildFile; fileRef = F8137EFB19BB5316007145E0 /* CoreLocation.framework */; };
		F8137EFE19BB531B007145E0 /* MapKit.framework in Frameworks */ = {isa = PBXBuildFile; fileRef = F8137EFD19BB531B007145E0 /* MapKit.framework */; };
		F8137F0119BB5340007145E0 /* MiPunto.m in Sources */ = {isa = PBXBuildFile; fileRef = F8137F0019BB5340007145E0 /* MiPunto.m */; };
		F8137F0319BB550A007145E0 /* city-icon.png in Resources */ = {isa = PBXBuildFile; fileRef = F8137F0219BB550A007145E0 /* city-icon.png */; };
		F8137F0519BB55A0007145E0 /* IconView.xib in Resources */ = {isa = PBXBuildFile; fileRef = F8137F0419BB55A0007145E0 /* IconView.xib */; };
		F8137F0819BB56A5007145E0 /* IconAnnotationView.m in Sources */ = {isa = PBXBuildFile; fileRef = F8137F0719BB56A5007145E0 /* IconAnnotationView.m */; };
/* End PBXBuildFile section */

/* Begin PBXContainerItemProxy section */
		F8137EE919BB5305007145E0 /* PBXContainerItemProxy */ = {
			isa = PBXContainerItemProxy;
			containerPortal = F8137EBB19BB5305007145E0 /* Project object */;
			proxyType = 1;
			remoteGlobalIDString = F8137EC219BB5305007145E0;
			remoteInfo = "13. Anotaciones & Distancias";
		};
/* End PBXContainerItemProxy section */

/* Begin PBXFileReference section */
		F8137EC319BB5305007145E0 /* 13. Anotaciones & Distancias.app */ = {isa = PBXFileReference; explicitFileType = wrapper.application; includeInIndex = 0; path = "13. Anotaciones & Distancias.app"; sourceTree = BUILT_PRODUCTS_DIR; };
		F8137EC619BB5305007145E0 /* Foundation.framework */ = {isa = PBXFileReference; lastKnownFileType = wrapper.framework; name = Foundation.framework; path = System/Library/Frameworks/Foundation.framework; sourceTree = SDKROOT; };
		F8137EC819BB5305007145E0 /* CoreGraphics.framework */ = {isa = PBXFileReference; lastKnownFileType = wrapper.framework; name = CoreGraphics.framework; path = System/Library/Frameworks/CoreGraphics.framework; sourceTree = SDKROOT; };
		F8137ECA19BB5305007145E0 /* UIKit.framework */ = {isa = PBXFileReference; lastKnownFileType = wrapper.framework; name = UIKit.framework; path = System/Library/Frameworks/UIKit.framework; sourceTree = SDKROOT; };
		F8137ECE19BB5305007145E0 /* 13. Anotaciones & Distancias-Info.plist */ = {isa = PBXFileReference; lastKnownFileType = text.plist.xml; path = "13. Anotaciones & Distancias-Info.plist"; sourceTree = "<group>"; };
		F8137ED019BB5305007145E0 /* en */ = {isa = PBXFileReference; lastKnownFileType = text.plist.strings; name = en; path = en.lproj/InfoPlist.strings; sourceTree = "<group>"; };
		F8137ED219BB5305007145E0 /* main.m */ = {isa = PBXFileReference; lastKnownFileType = sourcecode.c.objc; path = main.m; sourceTree = "<group>"; };
		F8137ED419BB5305007145E0 /* 13. Anotaciones & Distancias-Prefix.pch */ = {isa = PBXFileReference; lastKnownFileType = sourcecode.c.h; path = "13. Anotaciones & Distancias-Prefix.pch"; sourceTree = "<group>"; };
		F8137ED519BB5305007145E0 /* AppDelegate.h */ = {isa = PBXFileReference; lastKnownFileType = sourcecode.c.h; path = AppDelegate.h; sourceTree = "<group>"; };
		F8137ED619BB5305007145E0 /* AppDelegate.m */ = {isa = PBXFileReference; lastKnownFileType = sourcecode.c.objc; path = AppDelegate.m; sourceTree = "<group>"; };
		F8137ED919BB5305007145E0 /* Base */ = {isa = PBXFileReference; lastKnownFileType = file.storyboard; name = Base; path = Base.lproj/Main.storyboard; sourceTree = "<group>"; };
		F8137EDB19BB5305007145E0 /* ViewController.h */ = {isa = PBXFileReference; lastKnownFileType = sourcecode.c.h; path = ViewController.h; sourceTree = "<group>"; };
		F8137EDC19BB5305007145E0 /* ViewController.m */ = {isa = PBXFileReference; lastKnownFileType = sourcecode.c.objc; path = ViewController.m; sourceTree = "<group>"; };
		F8137EDE19BB5305007145E0 /* Images.xcassets */ = {isa = PBXFileReference; lastKnownFileType = folder.assetcatalog; path = Images.xcassets; sourceTree = "<group>"; };
		F8137EE419BB5305007145E0 /* 13. Anotaciones & DistanciasTests.xctest */ = {isa = PBXFileReference; explicitFileType = wrapper.cfbundle; includeInIndex = 0; path = "13. Anotaciones & DistanciasTests.xctest"; sourceTree = BUILT_PRODUCTS_DIR; };
		F8137EE519BB5305007145E0 /* XCTest.framework */ = {isa = PBXFileReference; lastKnownFileType = wrapper.framework; name = XCTest.framework; path = Library/Frameworks/XCTest.framework; sourceTree = DEVELOPER_DIR; };
		F8137EED19BB5305007145E0 /* 13. Anotaciones & DistanciasTests-Info.plist */ = {isa = PBXFileReference; lastKnownFileType = text.plist.xml; path = "13. Anotaciones & DistanciasTests-Info.plist"; sourceTree = "<group>"; };
		F8137EEF19BB5305007145E0 /* en */ = {isa = PBXFileReference; lastKnownFileType = text.plist.strings; name = en; path = en.lproj/InfoPlist.strings; sourceTree = "<group>"; };
		F8137EF119BB5305007145E0 /* _3__Anotaciones___DistanciasTests.m */ = {isa = PBXFileReference; lastKnownFileType = sourcecode.c.objc; path = "_3__Anotaciones___DistanciasTests.m"; sourceTree = "<group>"; };
		F8137EFB19BB5316007145E0 /* CoreLocation.framework */ = {isa = PBXFileReference; lastKnownFileType = wrapper.framework; name = CoreLocation.framework; path = System/Library/Frameworks/CoreLocation.framework; sourceTree = SDKROOT; };
		F8137EFD19BB531B007145E0 /* MapKit.framework */ = {isa = PBXFileReference; lastKnownFileType = wrapper.framework; name = MapKit.framework; path = System/Library/Frameworks/MapKit.framework; sourceTree = SDKROOT; };
		F8137EFF19BB5340007145E0 /* MiPunto.h */ = {isa = PBXFileReference; fileEncoding = 4; lastKnownFileType = sourcecode.c.h; path = MiPunto.h; sourceTree = "<group>"; };
		F8137F0019BB5340007145E0 /* MiPunto.m */ = {isa = PBXFileReference; fileEncoding = 4; lastKnownFileType = sourcecode.c.objc; path = MiPunto.m; sourceTree = "<group>"; };
		F8137F0219BB550A007145E0 /* city-icon.png */ = {isa = PBXFileReference; lastKnownFileType = image.png; path = "city-icon.png"; sourceTree = "<group>"; };
		F8137F0419BB55A0007145E0 /* IconView.xib */ = {isa = PBXFileReference; fileEncoding = 4; lastKnownFileType = file.xib; path = IconView.xib; sourceTree = "<group>"; };
		F8137F0619BB56A5007145E0 /* IconAnnotationView.h */ = {isa = PBXFileReference; fileEncoding = 4; lastKnownFileType = sourcecode.c.h; path = IconAnnotationView.h; sourceTree = "<group>"; };
		F8137F0719BB56A5007145E0 /* IconAnnotationView.m */ = {isa = PBXFileReference; fileEncoding = 4; lastKnownFileType = sourcecode.c.objc; path = IconAnnotationView.m; sourceTree = "<group>"; };
/* End PBXFileReference section */

/* Begin PBXFrameworksBuildPhase section */
		F8137EC019BB5305007145E0 /* Frameworks */ = {
			isa = PBXFrameworksBuildPhase;
			buildActionMask = 2147483647;
			files = (
				F8137EFE19BB531B007145E0 /* MapKit.framework in Frameworks */,
				F8137EFC19BB5316007145E0 /* CoreLocation.framework in Frameworks */,
				F8137EC919BB5305007145E0 /* CoreGraphics.framework in Frameworks */,
				F8137ECB19BB5305007145E0 /* UIKit.framework in Frameworks */,
				F8137EC719BB5305007145E0 /* Foundation.framework in Frameworks */,
			);
			runOnlyForDeploymentPostprocessing = 0;
		};
		F8137EE119BB5305007145E0 /* Frameworks */ = {
			isa = PBXFrameworksBuildPhase;
			buildActionMask = 2147483647;
			files = (
				F8137EE619BB5305007145E0 /* XCTest.framework in Frameworks */,
				F8137EE819BB5305007145E0 /* UIKit.framework in Frameworks */,
				F8137EE719BB5305007145E0 /* Foundation.framework in Frameworks */,
			);
			runOnlyForDeploymentPostprocessing = 0;
		};
/* End PBXFrameworksBuildPhase section */

/* Begin PBXGroup section */
		F8137EBA19BB5305007145E0 = {
			isa = PBXGroup;
			children = (
				F8137F0619BB56A5007145E0 /* IconAnnotationView.h */,
				F8137F0719BB56A5007145E0 /* IconAnnotationView.m */,
				F8137F0419BB55A0007145E0 /* IconView.xib */,
				F8137F0219BB550A007145E0 /* city-icon.png */,
				F8137EFF19BB5340007145E0 /* MiPunto.h */,
				F8137F0019BB5340007145E0 /* MiPunto.m */,
				F8137ECC19BB5305007145E0 /* 13. Anotaciones & Distancias */,
				F8137EEB19BB5305007145E0 /* 13. Anotaciones & DistanciasTests */,
				F8137EC519BB5305007145E0 /* Frameworks */,
				F8137EC419BB5305007145E0 /* Products */,
			);
			sourceTree = "<group>";
		};
		F8137EC419BB5305007145E0 /* Products */ = {
			isa = PBXGroup;
			children = (
				F8137EC319BB5305007145E0 /* 13. Anotaciones & Distancias.app */,
				F8137EE419BB5305007145E0 /* 13. Anotaciones & DistanciasTests.xctest */,
			);
			name = Products;
			sourceTree = "<group>";
		};
		F8137EC519BB5305007145E0 /* Frameworks */ = {
			isa = PBXGroup;
			children = (
				F8137EFD19BB531B007145E0 /* MapKit.framework */,
				F8137EFB19BB5316007145E0 /* CoreLocation.framework */,
				F8137EC619BB5305007145E0 /* Foundation.framework */,
				F8137EC819BB5305007145E0 /* CoreGraphics.framework */,
				F8137ECA19BB5305007145E0 /* UIKit.framework */,
				F8137EE519BB5305007145E0 /* XCTest.framework */,
			);
			name = Frameworks;
			sourceTree = "<group>";
		};
		F8137ECC19BB5305007145E0 /* 13. Anotaciones & Distancias */ = {
			isa = PBXGroup;
			children = (
				F8137ED519BB5305007145E0 /* AppDelegate.h */,
				F8137ED619BB5305007145E0 /* AppDelegate.m */,
				F8137ED819BB5305007145E0 /* Main.storyboard */,
				F8137EDB19BB5305007145E0 /* ViewController.h */,
				F8137EDC19BB5305007145E0 /* ViewController.m */,
				F8137EDE19BB5305007145E0 /* Images.xcassets */,
				F8137ECD19BB5305007145E0 /* Supporting Files */,
			);
			path = "13. Anotaciones & Distancias";
			sourceTree = "<group>";
		};
		F8137ECD19BB5305007145E0 /* Supporting Files */ = {
			isa = PBXGroup;
			children = (
				F8137ECE19BB5305007145E0 /* 13. Anotaciones & Distancias-Info.plist */,
				F8137ECF19BB5305007145E0 /* InfoPlist.strings */,
				F8137ED219BB5305007145E0 /* main.m */,
				F8137ED419BB5305007145E0 /* 13. Anotaciones & Distancias-Prefix.pch */,
			);
			name = "Supporting Files";
			sourceTree = "<group>";
		};
		F8137EEB19BB5305007145E0 /* 13. Anotaciones & DistanciasTests */ = {
			isa = PBXGroup;
			children = (
				F8137EF119BB5305007145E0 /* _3__Anotaciones___DistanciasTests.m */,
				F8137EEC19BB5305007145E0 /* Supporting Files */,
			);
			path = "13. Anotaciones & DistanciasTests";
			sourceTree = "<group>";
		};
		F8137EEC19BB5305007145E0 /* Supporting Files */ = {
			isa = PBXGroup;
			children = (
				F8137EED19BB5305007145E0 /* 13. Anotaciones & DistanciasTests-Info.plist */,
				F8137EEE19BB5305007145E0 /* InfoPlist.strings */,
			);
			name = "Supporting Files";
			sourceTree = "<group>";
		};
/* End PBXGroup section */

/* Begin PBXNativeTarget section */
		F8137EC219BB5305007145E0 /* 13. Anotaciones & Distancias */ = {
			isa = PBXNativeTarget;
			buildConfigurationList = F8137EF519BB5305007145E0 /* Build configuration list for PBXNativeTarget "13. Anotaciones & Distancias" */;
			buildPhases = (
				F8137EBF19BB5305007145E0 /* Sources */,
				F8137EC019BB5305007145E0 /* Frameworks */,
				F8137EC119BB5305007145E0 /* Resources */,
			);
			buildRules = (
			);
			dependencies = (
			);
			name = "13. Anotaciones & Distancias";
			productName = "13. Anotaciones & Distancias";
			productReference = F8137EC319BB5305007145E0 /* 13. Anotaciones & Distancias.app */;
			productType = "com.apple.product-type.application";
		};
		F8137EE319BB5305007145E0 /* 13. Anotaciones & DistanciasTests */ = {
			isa = PBXNativeTarget;
			buildConfigurationList = F8137EF819BB5305007145E0 /* Build configuration list for PBXNativeTarget "13. Anotaciones & DistanciasTests" */;
			buildPhases = (
				F8137EE019BB5305007145E0 /* Sources */,
				F8137EE119BB5305007145E0 /* Frameworks */,
				F8137EE219BB5305007145E0 /* Resources */,
			);
			buildRules = (
			);
			dependencies = (
				F8137EEA19BB5305007145E0 /* PBXTargetDependency */,
			);
			name = "13. Anotaciones & DistanciasTests";
			productName = "13. Anotaciones & DistanciasTests";
			productReference = F8137EE419BB5305007145E0 /* 13. Anotaciones & DistanciasTests.xctest */;
			productType = "com.apple.product-type.bundle.unit-test";
		};
/* End PBXNativeTarget section */

/* Begin PBXProject section */
		F8137EBB19BB5305007145E0 /* Project object */ = {
			isa = PBXProject;
			attributes = {
				LastUpgradeCheck = 0510;
				ORGANIZATIONNAME = Profesor;
				TargetAttributes = {
					F8137EE319BB5305007145E0 = {
						TestTargetID = F8137EC219BB5305007145E0;
					};
				};
			};
			buildConfigurationList = F8137EBE19BB5305007145E0 /* Build configuration list for PBXProject "13. Anotaciones & Distancias" */;
			compatibilityVersion = "Xcode 3.2";
			developmentRegion = English;
			hasScannedForEncodings = 0;
			knownRegions = (
				en,
				Base,
			);
			mainGroup = F8137EBA19BB5305007145E0;
			productRefGroup = F8137EC419BB5305007145E0 /* Products */;
			projectDirPath = "";
			projectRoot = "";
			targets = (
				F8137EC219BB5305007145E0 /* 13. Anotaciones & Distancias */,
				F8137EE319BB5305007145E0 /* 13. Anotaciones & DistanciasTests */,
			);
		};
/* End PBXProject section */

/* Begin PBXResourcesBuildPhase section */
		F8137EC119BB5305007145E0 /* Resources */ = {
			isa = PBXResourcesBuildPhase;
			buildActionMask = 2147483647;
			files = (
				F8137EDF19BB5305007145E0 /* Images.xcassets in Resources */,
				F8137ED119BB5305007145E0 /* InfoPlist.strings in Resources */,
				F8137F0519BB55A0007145E0 /* IconView.xib in Resources */,
				F8137EDA19BB5305007145E0 /* Main.storyboard in Resources */,
				F8137F0319BB550A007145E0 /* city-icon.png in Resources */,
			);
			runOnlyForDeploymentPostprocessing = 0;
		};
		F8137EE219BB5305007145E0 /* Resources */ = {
			isa = PBXResourcesBuildPhase;
			buildActionMask = 2147483647;
			files = (
				F8137EF019BB5305007145E0 /* InfoPlist.strings in Resources */,
			);
			runOnlyForDeploymentPostprocessing = 0;
		};
/* End PBXResourcesBuildPhase section */

/* Begin PBXSourcesBuildPhase section */
		F8137EBF19BB5305007145E0 /* Sources */ = {
			isa = PBXSourcesBuildPhase;
			buildActionMask = 2147483647;
			files = (
				F8137F0119BB5340007145E0 /* MiPunto.m in Sources */,
				F8137EDD19BB5305007145E0 /* ViewController.m in Sources */,
				F8137ED719BB5305007145E0 /* AppDelegate.m in Sources */,
				F8137F0819BB56A5007145E0 /* IconAnnotationView.m in Sources */,
				F8137ED319BB5305007145E0 /* main.m in Sources */,
			);
			runOnlyForDeploymentPostprocessing = 0;
		};
		F8137EE019BB5305007145E0 /* Sources */ = {
			isa = PBXSourcesBuildPhase;
			buildActionMask = 2147483647;
			files = (
				F8137EF219BB5305007145E0 /* _3__Anotaciones___DistanciasTests.m in Sources */,
			);
			runOnlyForDeploymentPostprocessing = 0;
		};
/* End PBXSourcesBuildPhase section */

/* Begin PBXTargetDependency section */
		F8137EEA19BB5305007145E0 /* PBXTargetDependency */ = {
			isa = PBXTargetDependency;
			target = F8137EC219BB5305007145E0 /* 13. Anotaciones & Distancias */;
			targetProxy = F8137EE919BB5305007145E0 /* PBXContainerItemProxy */;
		};
/* End PBXTargetDependency section */

/* Begin PBXVariantGroup section */
		F8137ECF19BB5305007145E0 /* InfoPlist.strings */ = {
			isa = PBXVariantGroup;
			children = (
				F8137ED019BB5305007145E0 /* en */,
			);
			name = InfoPlist.strings;
			sourceTree = "<group>";
		};
		F8137ED819BB5305007145E0 /* Main.storyboard */ = {
			isa = PBXVariantGroup;
			children = (
				F8137ED919BB5305007145E0 /* Base */,
			);
			name = Main.storyboard;
			sourceTree = "<group>";
		};
		F8137EEE19BB5305007145E0 /* InfoPlist.strings */ = {
			isa = PBXVariantGroup;
			children = (
				F8137EEF19BB5305007145E0 /* en */,
			);
			name = InfoPlist.strings;
			sourceTree = "<group>";
		};
/* End PBXVariantGroup section */

/* Begin XCBuildConfiguration section */
		F8137EF319BB5305007145E0 /* Debug */ = {
			isa = XCBuildConfiguration;
			buildSettings = {
				ALWAYS_SEARCH_USER_PATHS = NO;
				CLANG_CXX_LANGUAGE_STANDARD = "gnu++0x";
				CLANG_CXX_LIBRARY = "libc++";
				CLANG_ENABLE_MODULES = YES;
				CLANG_ENABLE_OBJC_ARC = YES;
				CLANG_WARN_BOOL_CONVERSION = YES;
				CLANG_WARN_CONSTANT_CONVERSION = YES;
				CLANG_WARN_DIRECT_OBJC_ISA_USAGE = YES_ERROR;
				CLANG_WARN_EMPTY_BODY = YES;
				CLANG_WARN_ENUM_CONVERSION = YES;
				CLANG_WARN_INT_CONVERSION = YES;
				CLANG_WARN_OBJC_ROOT_CLASS = YES_ERROR;
				CLANG_WARN__DUPLICATE_METHOD_MATCH = YES;
				"CODE_SIGN_IDENTITY[sdk=iphoneos*]" = "iPhone Developer";
				COPY_PHASE_STRIP = NO;
				GCC_C_LANGUAGE_STANDARD = gnu99;
				GCC_DYNAMIC_NO_PIC = NO;
				GCC_OPTIMIZATION_LEVEL = 0;
				GCC_PREPROCESSOR_DEFINITIONS = (
					"DEBUG=1",
					"$(inherited)",
				);
				GCC_SYMBOLS_PRIVATE_EXTERN = NO;
				GCC_WARN_64_TO_32_BIT_CONVERSION = YES;
				GCC_WARN_ABOUT_RETURN_TYPE = YES_ERROR;
				GCC_WARN_UNDECLARED_SELECTOR = YES;
				GCC_WARN_UNINITIALIZED_AUTOS = YES_AGGRESSIVE;
				GCC_WARN_UNUSED_FUNCTION = YES;
				GCC_WARN_UNUSED_VARIABLE = YES;
				IPHONEOS_DEPLOYMENT_TARGET = 7.1;
				ONLY_ACTIVE_ARCH = YES;
				SDKROOT = iphoneos;
			};
			name = Debug;
		};
		F8137EF419BB5305007145E0 /* Release */ = {
			isa = XCBuildConfiguration;
			buildSettings = {
				ALWAYS_SEARCH_USER_PATHS = NO;
				CLANG_CXX_LANGUAGE_STANDARD = "gnu++0x";
				CLANG_CXX_LIBRARY = "libc++";
				CLANG_ENABLE_MODULES = YES;
				CLANG_ENABLE_OBJC_ARC = YES;
				CLANG_WARN_BOOL_CONVERSION = YES;
				CLANG_WARN_CONSTANT_CONVERSION = YES;
				CLANG_WARN_DIRECT_OBJC_ISA_USAGE = YES_ERROR;
				CLANG_WARN_EMPTY_BODY = YES;
				CLANG_WARN_ENUM_CONVERSION = YES;
				CLANG_WARN_INT_CONVERSION = YES;
				CLANG_WARN_OBJC_ROOT_CLASS = YES_ERROR;
				CLANG_WARN__DUPLICATE_METHOD_MATCH = YES;
				"CODE_SIGN_IDENTITY[sdk=iphoneos*]" = "iPhone Developer";
				COPY_PHASE_STRIP = YES;
				ENABLE_NS_ASSERTIONS = NO;
				GCC_C_LANGUAGE_STANDARD = gnu99;
				GCC_WARN_64_TO_32_BIT_CONVERSION = YES;
				GCC_WARN_ABOUT_RETURN_TYPE = YES_ERROR;
				GCC_WARN_UNDECLARED_SELECTOR = YES;
				GCC_WARN_UNINITIALIZED_AUTOS = YES_AGGRESSIVE;
				GCC_WARN_UNUSED_FUNCTION = YES;
				GCC_WARN_UNUSED_VARIABLE = YES;
				IPHONEOS_DEPLOYMENT_TARGET = 7.1;
				SDKROOT = iphoneos;
				VALIDATE_PRODUCT = YES;
			};
			name = Release;
		};
		F8137EF619BB5305007145E0 /* Debug */ = {
			isa = XCBuildConfiguration;
			buildSettings = {
				ASSETCATALOG_COMPILER_APPICON_NAME = AppIcon;
				ASSETCATALOG_COMPILER_LAUNCHIMAGE_NAME = LaunchImage;
				GCC_PRECOMPILE_PREFIX_HEADER = YES;
				GCC_PREFIX_HEADER = "13. Anotaciones & Distancias/13. Anotaciones & Distancias-Prefix.pch";
				INFOPLIST_FILE = "13. Anotaciones & Distancias/13. Anotaciones & Distancias-Info.plist";
				PRODUCT_NAME = "$(TARGET_NAME)";
				WRAPPER_EXTENSION = app;
			};
			name = Debug;
		};
		F8137EF719BB5305007145E0 /* Release */ = {
			isa = XCBuildConfiguration;
			buildSettings = {
				ASSETCATALOG_COMPILER_APPICON_NAME = AppIcon;
				ASSETCATALOG_COMPILER_LAUNCHIMAGE_NAME = LaunchImage;
				GCC_PRECOMPILE_PREFIX_HEADER = YES;
				GCC_PREFIX_HEADER = "13. Anotaciones & Distancias/13. Anotaciones & Distancias-Prefix.pch";
				INFOPLIST_FILE = "13. Anotaciones & Distancias/13. Anotaciones & Distancias-Info.plist";
				PRODUCT_NAME = "$(TARGET_NAME)";
				WRAPPER_EXTENSION = app;
			};
			name = Release;
		};
		F8137EF919BB5305007145E0 /* Debug */ = {
			isa = XCBuildConfiguration;
			buildSettings = {
				BUNDLE_LOADER = "$(BUILT_PRODUCTS_DIR)/13. Anotaciones & Distancias.app/13. Anotaciones & Distancias";
				FRAMEWORK_SEARCH_PATHS = (
					"$(SDKROOT)/Developer/Library/Frameworks",
					"$(inherited)",
					"$(DEVELOPER_FRAMEWORKS_DIR)",
				);
				GCC_PRECOMPILE_PREFIX_HEADER = YES;
				GCC_PREFIX_HEADER = "13. Anotaciones & Distancias/13. Anotaciones & Distancias-Prefix.pch";
				GCC_PREPROCESSOR_DEFINITIONS = (
					"DEBUG=1",
					"$(inherited)",
				);
				INFOPLIST_FILE = "13. Anotaciones & DistanciasTests/13. Anotaciones & DistanciasTests-Info.plist";
				PRODUCT_NAME = "$(TARGET_NAME)";
				TEST_HOST = "$(BUNDLE_LOADER)";
				WRAPPER_EXTENSION = xctest;
			};
			name = Debug;
		};
		F8137EFA19BB5305007145E0 /* Release */ = {
			isa = XCBuildConfiguration;
			buildSettings = {
				BUNDLE_LOADER = "$(BUILT_PRODUCTS_DIR)/13. Anotaciones & Distancias.app/13. Anotaciones & Distancias";
				FRAMEWORK_SEARCH_PATHS = (
					"$(SDKROOT)/Developer/Library/Frameworks",
					"$(inherited)",
					"$(DEVELOPER_FRAMEWORKS_DIR)",
				);
				GCC_PRECOMPILE_PREFIX_HEADER = YES;
				GCC_PREFIX_HEADER = "13. Anotaciones & Distancias/13. Anotaciones & Distancias-Prefix.pch";
				INFOPLIST_FILE = "13. Anotaciones & DistanciasTests/13. Anotaciones & DistanciasTests-Info.plist";
				PRODUCT_NAME = "$(TARGET_NAME)";
				TEST_HOST = "$(BUNDLE_LOADER)";
				WRAPPER_EXTENSION = xctest;
			};
			name = Release;
		};
/* End XCBuildConfiguration section */

/* Begin XCConfigurationList section */
		F8137EBE19BB5305007145E0 /* Build configuration list for PBXProject "13. Anotaciones & Distancias" */ = {
			isa = XCConfigurationList;
			buildConfigurations = (
				F8137EF319BB5305007145E0 /* Debug */,
				F8137EF419BB5305007145E0 /* Release */,
			);
			defaultConfigurationIsVisible = 0;
			defaultConfigurationName = Release;
		};
		F8137EF519BB5305007145E0 /* Build configuration list for PBXNativeTarget "13. Anotaciones & Distancias" */ = {
			isa = XCConfigurationList;
			buildConfigurations = (
				F8137EF619BB5305007145E0 /* Debug */,
				F8137EF719BB5305007145E0 /* Release */,
			);
			defaultConfigurationIsVisible = 0;
		};
		F8137EF819BB5305007145E0 /* Build configuration list for PBXNativeTarget "13. Anotaciones & DistanciasTests" */ = {
			isa = XCConfigurationList;
			buildConfigurations = (
				F8137EF919BB5305007145E0 /* Debug */,
				F8137EFA19BB5305007145E0 /* Release */,
			);
			defaultConfigurationIsVisible = 0;
		};
/* End XCConfigurationList section */
	};
	rootObject = F8137EBB19BB5305007145E0 /* Project object */;
}
